
Microsoft Visual Studio Solution File, Format Version 12.00
# Visual Studio Version 17
VisualStudioVersion = 17.9.34728.123
MinimumVisualStudioVersion = 10.0.40219.1
Project("{FAE04EC0-301F-11D3-BF4B-00C04F79EFBC}") = "SurveySystem.API", "SurveySystem\SurveySystem.API.csproj", "{722B9A93-FB94-4358-946B-4F1583737E7B}"
EndProject
Project("{FAE04EC0-301F-11D3-BF4B-00C04F79EFBC}") = "Survey.Domain", "Survey.Domain\Survey.Domain.csproj", "{5EAF54D0-08CC-4C67-B8A7-D72832420A5A}"
EndProject
Project("{FAE04EC0-301F-11D3-BF4B-00C04F79EFBC}") = "Survey.Application", "Survey.Application\Survey.Application.csproj", "{C09A5C16-E498-4275-B942-86B5163E72A8}"
EndProject
Project("{FAE04EC0-301F-11D3-BF4B-00C04F79EFBC}") = "Survey.Infrastructure", "Survey.Infrastructure\Survey.Infrastructure.csproj", "{D13395DE-40DA-4361-82FD-7557EC76AC27}"
EndProject
Global
	GlobalSection(SolutionConfigurationPlatforms) = preSolution
		Debug|Any CPU = Debug|Any CPU
		Release|Any CPU = Release|Any CPU
	EndGlobalSection
	GlobalSection(ProjectConfigurationPlatforms) = postSolution
		{722B9A93-FB94-4358-946B-4F1583737E7B}.Debug|Any CPU.ActiveCfg = Debug|Any CPU
		{722B9A93-FB94-4358-946B-4F1583737E7B}.Debug|Any CPU.Build.0 = Debug|Any CPU
		{722B9A93-FB94-4358-946B-4F1583737E7B}.Release|Any CPU.ActiveCfg = Release|Any CPU
		{722B9A93-FB94-4358-946B-4F1583737E7B}.Release|Any CPU.Build.0 = Release|Any CPU
		{5EAF54D0-08CC-4C67-B8A7-D72832420A5A}.Debug|Any CPU.ActiveCfg = Debug|Any CPU
		{5EAF54D0-08CC-4C67-B8A7-D72832420A5A}.Debug|Any CPU.Build.0 = Debug|Any CPU
		{5EAF54D0-08CC-4C67-B8A7-D72832420A5A}.Release|Any CPU.ActiveCfg = Release|Any CPU
		{5EAF54D0-08CC-4C67-B8A7-D72832420A5A}.Release|Any CPU.Build.0 = Release|Any CPU
		{C09A5C16-E498-4275-B942-86B5163E72A8}.Debug|Any CPU.ActiveCfg = Debug|Any CPU
		{C09A5C16-E498-4275-B942-86B5163E72A8}.Debug|Any CPU.Build.0 = Debug|Any CPU
		{C09A5C16-E498-4275-B942-86B5163E72A8}.Release|Any CPU.ActiveCfg = Release|Any CPU
		{C09A5C16-E498-4275-B942-86B5163E72A8}.Release|Any CPU.Build.0 = Release|Any CPU
		{D13395DE-40DA-4361-82FD-7557EC76AC27}.Debug|Any CPU.ActiveCfg = Debug|Any CPU
		{D13395DE-40DA-4361-82FD-7557EC76AC27}.Debug|Any CPU.Build.0 = Debug|Any CPU
		{D13395DE-40DA-4361-82FD-7557EC76AC27}.Release|Any CPU.ActiveCfg = Release|Any CPU
		{D13395DE-40DA-4361-82FD-7557EC76AC27}.Release|Any CPU.Build.0 = Release|Any CPU
	EndGlobalSection
	GlobalSection(SolutionProperties) = preSolution
		HideSolutionNode = FALSE
	EndGlobalSection
	GlobalSection(ExtensibilityGlobals) = postSolution
		SolutionGuid = {6E097F9E-5199-4593-AC54-6407E2D82ED6}
	EndGlobalSection
EndGlobal
